
Microsoft Visual Studio Solution File, Format Version 12.00
# Visual Studio Version 16
VisualStudioVersion = 16.0.29911.84
MinimumVisualStudioVersion = 10.0.40219.1
Project("{9A19103F-16F7-4668-BE54-9A1E7A4F7556}") = "CineAPI.DAL", "CineAPI.DAL\CineAPI.DAL.csproj", "{4937408D-150E-42E4-8D7C-F6F72450AC68}"
EndProject
Project("{FAE04EC0-301F-11D3-BF4B-00C04F79EFBC}") = "CineAPI.Domain", "CineAPI.Domain\CineAPI.Domain.csproj", "{A52904BD-32F5-48C1-BF08-CE5E7F60B77A}"
EndProject
Project("{FAE04EC0-301F-11D3-BF4B-00C04F79EFBC}") = "CineAPI.Business", "CineAPI.Business\CineAPI.Business.csproj", "{328F45EF-2FF9-4514-9B5E-431D18E15A01}"
EndProject
Project("{FAE04EC0-301F-11D3-BF4B-00C04F79EFBC}") = "CineAPI", "CineAPI\CineAPI.csproj", "{F6CE8DAC-A09B-45CF-ADD2-421FCD2B38AB}"
EndProject
Global
	GlobalSection(SolutionConfigurationPlatforms) = preSolution
		Debug|Any CPU = Debug|Any CPU
		Release|Any CPU = Release|Any CPU
	EndGlobalSection
	GlobalSection(ProjectConfigurationPlatforms) = postSolution
		{4937408D-150E-42E4-8D7C-F6F72450AC68}.Debug|Any CPU.ActiveCfg = Debug|Any CPU
		{4937408D-150E-42E4-8D7C-F6F72450AC68}.Debug|Any CPU.Build.0 = Debug|Any CPU
		{4937408D-150E-42E4-8D7C-F6F72450AC68}.Release|Any CPU.ActiveCfg = Release|Any CPU
		{4937408D-150E-42E4-8D7C-F6F72450AC68}.Release|Any CPU.Build.0 = Release|Any CPU
		{A52904BD-32F5-48C1-BF08-CE5E7F60B77A}.Debug|Any CPU.ActiveCfg = Debug|Any CPU
		{A52904BD-32F5-48C1-BF08-CE5E7F60B77A}.Debug|Any CPU.Build.0 = Debug|Any CPU
		{A52904BD-32F5-48C1-BF08-CE5E7F60B77A}.Release|Any CPU.ActiveCfg = Release|Any CPU
		{A52904BD-32F5-48C1-BF08-CE5E7F60B77A}.Release|Any CPU.Build.0 = Release|Any CPU
		{328F45EF-2FF9-4514-9B5E-431D18E15A01}.Debug|Any CPU.ActiveCfg = Debug|Any CPU
		{328F45EF-2FF9-4514-9B5E-431D18E15A01}.Debug|Any CPU.Build.0 = Debug|Any CPU
		{328F45EF-2FF9-4514-9B5E-431D18E15A01}.Release|Any CPU.ActiveCfg = Release|Any CPU
		{328F45EF-2FF9-4514-9B5E-431D18E15A01}.Release|Any CPU.Build.0 = Release|Any CPU
		{F6CE8DAC-A09B-45CF-ADD2-421FCD2B38AB}.Debug|Any CPU.ActiveCfg = Debug|Any CPU
		{F6CE8DAC-A09B-45CF-ADD2-421FCD2B38AB}.Debug|Any CPU.Build.0 = Debug|Any CPU
		{F6CE8DAC-A09B-45CF-ADD2-421FCD2B38AB}.Release|Any CPU.ActiveCfg = Release|Any CPU
		{F6CE8DAC-A09B-45CF-ADD2-421FCD2B38AB}.Release|Any CPU.Build.0 = Release|Any CPU
	EndGlobalSection
	GlobalSection(SolutionProperties) = preSolution
		HideSolutionNode = FALSE
	EndGlobalSection
	GlobalSection(ExtensibilityGlobals) = postSolution
		SolutionGuid = {7EB70C09-8C30-446F-B312-788914AA7CB6}
	EndGlobalSection
EndGlobal
